
Microsoft Visual Studio Solution File, Format Version 12.00
# Visual Studio Version 17
VisualStudioVersion = 17.0.32112.339
MinimumVisualStudioVersion = 10.0.40219.1
Project("{FAE04EC0-301F-11D3-BF4B-00C04F79EFBC}") = "SinglePage", "SinglePage\SinglePage.csproj", "{1017AE9B-1A33-4208-98E3-30CA92C14245}"
EndProject
Project("{FAE04EC0-301F-11D3-BF4B-00C04F79EFBC}") = "SinglePage.Data", "SinglePage.Data\SinglePage.Data.csproj", "{FC5142ED-AF7E-4C44-8597-2374E5BB7DE8}"
EndProject
Global
	GlobalSection(SolutionConfigurationPlatforms) = preSolution
		Debug|Any CPU = Debug|Any CPU
		Release|Any CPU = Release|Any CPU
	EndGlobalSection
	GlobalSection(ProjectConfigurationPlatforms) = postSolution
		{1017AE9B-1A33-4208-98E3-30CA92C14245}.Debug|Any CPU.ActiveCfg = Debug|Any CPU
		{1017AE9B-1A33-4208-98E3-30CA92C14245}.Debug|Any CPU.Build.0 = Debug|Any CPU
		{1017AE9B-1A33-4208-98E3-30CA92C14245}.Release|Any CPU.ActiveCfg = Release|Any CPU
		{1017AE9B-1A33-4208-98E3-30CA92C14245}.Release|Any CPU.Build.0 = Release|Any CPU
		{FC5142ED-AF7E-4C44-8597-2374E5BB7DE8}.Debug|Any CPU.ActiveCfg = Debug|Any CPU
		{FC5142ED-AF7E-4C44-8597-2374E5BB7DE8}.Debug|Any CPU.Build.0 = Debug|Any CPU
		{FC5142ED-AF7E-4C44-8597-2374E5BB7DE8}.Release|Any CPU.ActiveCfg = Release|Any CPU
		{FC5142ED-AF7E-4C44-8597-2374E5BB7DE8}.Release|Any CPU.Build.0 = Release|Any CPU
	EndGlobalSection
	GlobalSection(SolutionProperties) = preSolution
		HideSolutionNode = FALSE
	EndGlobalSection
	GlobalSection(ExtensibilityGlobals) = postSolution
		SolutionGuid = {5D726F46-EAB3-457C-A80A-4285BC63DC02}
	EndGlobalSection
EndGlobal
